// !$*UTF8*$!
{
	archiveVersion = 1;
	classes = {
	};
	objectVersion = 50;
	objects = {

/* Begin PBXBuildFile section */
		A84BE901269F2714000AC160 /* AppDelegate.swift in Sources */ = {isa = PBXBuildFile; fileRef = A84BE900269F2714000AC160 /* AppDelegate.swift */; };
		A84BE903269F2714000AC160 /* SceneDelegate.swift in Sources */ = {isa = PBXBuildFile; fileRef = A84BE902269F2714000AC160 /* SceneDelegate.swift */; };
		A84BE905269F2714000AC160 /* ViewController.swift in Sources */ = {isa = PBXBuildFile; fileRef = A84BE904269F2714000AC160 /* ViewController.swift */; };
		A84BE908269F2714000AC160 /* Main.storyboard in Resources */ = {isa = PBXBuildFile; fileRef = A84BE906269F2714000AC160 /* Main.storyboard */; };
		A84BE90B269F2714000AC160 /* StoryboardIntro.xcdatamodeld in Sources */ = {isa = PBXBuildFile; fileRef = A84BE909269F2714000AC160 /* StoryboardIntro.xcdatamodeld */; };
		A84BE90D269F2715000AC160 /* Assets.xcassets in Resources */ = {isa = PBXBuildFile; fileRef = A84BE90C269F2715000AC160 /* Assets.xcassets */; };
		A84BE910269F2715000AC160 /* LaunchScreen.storyboard in Resources */ = {isa = PBXBuildFile; fileRef = A84BE90E269F2715000AC160 /* LaunchScreen.storyboard */; };
		A84BE91B269F2715000AC160 /* StoryboardIntroTests.swift in Sources */ = {isa = PBXBuildFile; fileRef = A84BE91A269F2715000AC160 /* StoryboardIntroTests.swift */; };
		A84BE926269F2715000AC160 /* StoryboardIntroUITests.swift in Sources */ = {isa = PBXBuildFile; fileRef = A84BE925269F2715000AC160 /* StoryboardIntroUITests.swift */; };
/* End PBXBuildFile section */

/* Begin PBXContainerItemProxy section */
		A84BE917269F2715000AC160 /* PBXContainerItemProxy */ = {
			isa = PBXContainerItemProxy;
			containerPortal = A84BE8F5269F2714000AC160 /* Project object */;
			proxyType = 1;
			remoteGlobalIDString = A84BE8FC269F2714000AC160;
			remoteInfo = StoryboardIntro;
		};
		A84BE922269F2715000AC160 /* PBXContainerItemProxy */ = {
			isa = PBXContainerItemProxy;
			containerPortal = A84BE8F5269F2714000AC160 /* Project object */;
			proxyType = 1;
			remoteGlobalIDString = A84BE8FC269F2714000AC160;
			remoteInfo = StoryboardIntro;
		};
/* End PBXContainerItemProxy section */

/* Begin PBXFileReference section */
		A84BE8FD269F2714000AC160 /* StoryboardIntro.app */ = {isa = PBXFileReference; explicitFileType = wrapper.application; includeInIndex = 0; path = StoryboardIntro.app; sourceTree = BUILT_PRODUCTS_DIR; };
		A84BE900269F2714000AC160 /* AppDelegate.swift */ = {isa = PBXFileReference; lastKnownFileType = sourcecode.swift; path = AppDelegate.swift; sourceTree = "<group>"; };
		A84BE902269F2714000AC160 /* SceneDelegate.swift */ = {isa = PBXFileReference; lastKnownFileType = sourcecode.swift; path = SceneDelegate.swift; sourceTree = "<group>"; };
		A84BE904269F2714000AC160 /* ViewController.swift */ = {isa = PBXFileReference; lastKnownFileType = sourcecode.swift; path = ViewController.swift; sourceTree = "<group>"; };
		A84BE907269F2714000AC160 /* Base */ = {isa = PBXFileReference; lastKnownFileType = file.storyboard; name = Base; path = Base.lproj/Main.storyboard; sourceTree = "<group>"; };
		A84BE90A269F2714000AC160 /* StoryboardIntro.xcdatamodel */ = {isa = PBXFileReference; lastKnownFileType = wrapper.xcdatamodel; path = StoryboardIntro.xcdatamodel; sourceTree = "<group>"; };
		A84BE90C269F2715000AC160 /* Assets.xcassets */ = {isa = PBXFileReference; lastKnownFileType = folder.assetcatalog; path = Assets.xcassets; sourceTree = "<group>"; };
		A84BE90F269F2715000AC160 /* Base */ = {isa = PBXFileReference; lastKnownFileType = file.storyboard; name = Base; path = Base.lproj/LaunchScreen.storyboard; sourceTree = "<group>"; };
		A84BE911269F2715000AC160 /* Info.plist */ = {isa = PBXFileReference; lastKnownFileType = text.plist.xml; path = Info.plist; sourceTree = "<group>"; };
		A84BE916269F2715000AC160 /* StoryboardIntroTests.xctest */ = {isa = PBXFileReference; explicitFileType = wrapper.cfbundle; includeInIndex = 0; path = StoryboardIntroTests.xctest; sourceTree = BUILT_PRODUCTS_DIR; };
		A84BE91A269F2715000AC160 /* StoryboardIntroTests.swift */ = {isa = PBXFileReference; lastKnownFileType = sourcecode.swift; path = StoryboardIntroTests.swift; sourceTree = "<group>"; };
		A84BE91C269F2715000AC160 /* Info.plist */ = {isa = PBXFileReference; lastKnownFileType = text.plist.xml; path = Info.plist; sourceTree = "<group>"; };
		A84BE921269F2715000AC160 /* StoryboardIntroUITests.xctest */ = {isa = PBXFileReference; explicitFileType = wrapper.cfbundle; includeInIndex = 0; path = StoryboardIntroUITests.xctest; sourceTree = BUILT_PRODUCTS_DIR; };
		A84BE925269F2715000AC160 /* StoryboardIntroUITests.swift */ = {isa = PBXFileReference; lastKnownFileType = sourcecode.swift; path = StoryboardIntroUITests.swift; sourceTree = "<group>"; };
		A84BE927269F2715000AC160 /* Info.plist */ = {isa = PBXFileReference; lastKnownFileType = text.plist.xml; path = Info.plist; sourceTree = "<group>"; };
/* End PBXFileReference section */

/* Begin PBXFrameworksBuildPhase section */
		A84BE8FA269F2714000AC160 /* Frameworks */ = {
			isa = PBXFrameworksBuildPhase;
			buildActionMask = 2147483647;
			files = (
			);
			runOnlyForDeploymentPostprocessing = 0;
		};
		A84BE913269F2715000AC160 /* Frameworks */ = {
			isa = PBXFrameworksBuildPhase;
			buildActionMask = 2147483647;
			files = (
			);
			runOnlyForDeploymentPostprocessing = 0;
		};
		A84BE91E269F2715000AC160 /* Frameworks */ = {
			isa = PBXFrameworksBuildPhase;
			buildActionMask = 2147483647;
			files = (
			);
			runOnlyForDeploymentPostprocessing = 0;
		};
/* End PBXFrameworksBuildPhase section */

/* Begin PBXGroup section */
		A84BE8F4269F2714000AC160 = {
			isa = PBXGroup;
			children = (
				A84BE8FF269F2714000AC160 /* StoryboardIntro */,
				A84BE919269F2715000AC160 /* StoryboardIntroTests */,
				A84BE924269F2715000AC160 /* StoryboardIntroUITests */,
				A84BE8FE269F2714000AC160 /* Products */,
			);
			sourceTree = "<group>";
		};
		A84BE8FE269F2714000AC160 /* Products */ = {
			isa = PBXGroup;
			children = (
				A84BE8FD269F2714000AC160 /* StoryboardIntro.app */,
				A84BE916269F2715000AC160 /* StoryboardIntroTests.xctest */,
				A84BE921269F2715000AC160 /* StoryboardIntroUITests.xctest */,
			);
			name = Products;
			sourceTree = "<group>";
		};
		A84BE8FF269F2714000AC160 /* StoryboardIntro */ = {
			isa = PBXGroup;
			children = (
				A84BE900269F2714000AC160 /* AppDelegate.swift */,
				A84BE902269F2714000AC160 /* SceneDelegate.swift */,
				A84BE904269F2714000AC160 /* ViewController.swift */,
				A84BE906269F2714000AC160 /* Main.storyboard */,
				A84BE90C269F2715000AC160 /* Assets.xcassets */,
				A84BE90E269F2715000AC160 /* LaunchScreen.storyboard */,
				A84BE911269F2715000AC160 /* Info.plist */,
				A84BE909269F2714000AC160 /* StoryboardIntro.xcdatamodeld */,
			);
			path = StoryboardIntro;
			sourceTree = "<group>";
		};
		A84BE919269F2715000AC160 /* StoryboardIntroTests */ = {
			isa = PBXGroup;
			children = (
				A84BE91A269F2715000AC160 /* StoryboardIntroTests.swift */,
				A84BE91C269F2715000AC160 /* Info.plist */,
			);
			path = StoryboardIntroTests;
			sourceTree = "<group>";
		};
		A84BE924269F2715000AC160 /* StoryboardIntroUITests */ = {
			isa = PBXGroup;
			children = (
				A84BE925269F2715000AC160 /* StoryboardIntroUITests.swift */,
				A84BE927269F2715000AC160 /* Info.plist */,
			);
			path = StoryboardIntroUITests;
			sourceTree = "<group>";
		};
/* End PBXGroup section */

/* Begin PBXNativeTarget section */
		A84BE8FC269F2714000AC160 /* StoryboardIntro */ = {
			isa = PBXNativeTarget;
			buildConfigurationList = A84BE92A269F2715000AC160 /* Build configuration list for PBXNativeTarget "StoryboardIntro" */;
			buildPhases = (
				A84BE8F9269F2714000AC160 /* Sources */,
				A84BE8FA269F2714000AC160 /* Frameworks */,
				A84BE8FB269F2714000AC160 /* Resources */,
			);
			buildRules = (
			);
			dependencies = (
			);
			name = StoryboardIntro;
			productName = StoryboardIntro;
			productReference = A84BE8FD269F2714000AC160 /* StoryboardIntro.app */;
			productType = "com.apple.product-type.application";
		};
		A84BE915269F2715000AC160 /* StoryboardIntroTests */ = {
			isa = PBXNativeTarget;
			buildConfigurationList = A84BE92D269F2715000AC160 /* Build configuration list for PBXNativeTarget "StoryboardIntroTests" */;
			buildPhases = (
				A84BE912269F2715000AC160 /* Sources */,
				A84BE913269F2715000AC160 /* Frameworks */,
				A84BE914269F2715000AC160 /* Resources */,
			);
			buildRules = (
			);
			dependencies = (
				A84BE918269F2715000AC160 /* PBXTargetDependency */,
			);
			name = StoryboardIntroTests;
			productName = StoryboardIntroTests;
			productReference = A84BE916269F2715000AC160 /* StoryboardIntroTests.xctest */;
			productType = "com.apple.product-type.bundle.unit-test";
		};
		A84BE920269F2715000AC160 /* StoryboardIntroUITests */ = {
			isa = PBXNativeTarget;
			buildConfigurationList = A84BE930269F2715000AC160 /* Build configuration list for PBXNativeTarget "StoryboardIntroUITests" */;
			buildPhases = (
				A84BE91D269F2715000AC160 /* Sources */,
				A84BE91E269F2715000AC160 /* Frameworks */,
				A84BE91F269F2715000AC160 /* Resources */,
			);
			buildRules = (
			);
			dependencies = (
				A84BE923269F2715000AC160 /* PBXTargetDependency */,
			);
			name = StoryboardIntroUITests;
			productName = StoryboardIntroUITests;
			productReference = A84BE921269F2715000AC160 /* StoryboardIntroUITests.xctest */;
			productType = "com.apple.product-type.bundle.ui-testing";
		};
/* End PBXNativeTarget section */

/* Begin PBXProject section */
		A84BE8F5269F2714000AC160 /* Project object */ = {
			isa = PBXProject;
			attributes = {
				LastSwiftUpdateCheck = 1250;
				LastUpgradeCheck = 1250;
				TargetAttributes = {
					A84BE8FC269F2714000AC160 = {
						CreatedOnToolsVersion = 12.5;
					};
					A84BE915269F2715000AC160 = {
						CreatedOnToolsVersion = 12.5;
						TestTargetID = A84BE8FC269F2714000AC160;
					};
					A84BE920269F2715000AC160 = {
						CreatedOnToolsVersion = 12.5;
						TestTargetID = A84BE8FC269F2714000AC160;
					};
				};
			};
			buildConfigurationList = A84BE8F8269F2714000AC160 /* Build configuration list for PBXProject "StoryboardIntro" */;
			compatibilityVersion = "Xcode 9.3";
			developmentRegion = en;
			hasScannedForEncodings = 0;
			knownRegions = (
				en,
				Base,
			);
			mainGroup = A84BE8F4269F2714000AC160;
			productRefGroup = A84BE8FE269F2714000AC160 /* Products */;
			projectDirPath = "";
			projectRoot = "";
			targets = (
				A84BE8FC269F2714000AC160 /* StoryboardIntro */,
				A84BE915269F2715000AC160 /* StoryboardIntroTests */,
				A84BE920269F2715000AC160 /* StoryboardIntroUITests */,
			);
		};
/* End PBXProject section */

/* Begin PBXResourcesBuildPhase section */
		A84BE8FB269F2714000AC160 /* Resources */ = {
			isa = PBXResourcesBuildPhase;
			buildActionMask = 2147483647;
			files = (
				A84BE910269F2715000AC160 /* LaunchScreen.storyboard in Resources */,
				A84BE90D269F2715000AC160 /* Assets.xcassets in Resources */,
				A84BE908269F2714000AC160 /* Main.storyboard in Resources */,
			);
			runOnlyForDeploymentPostprocessing = 0;
		};
		A84BE914269F2715000AC160 /* Resources */ = {
			isa = PBXResourcesBuildPhase;
			buildActionMask = 2147483647;
			files = (
			);
			runOnlyForDeploymentPostprocessing = 0;
		};
		A84BE91F269F2715000AC160 /* Resources */ = {
			isa = PBXResourcesBuildPhase;
			buildActionMask = 2147483647;
			files = (
			);
			runOnlyForDeploymentPostprocessing = 0;
		};
/* End PBXResourcesBuildPhase section */

/* Begin PBXSourcesBuildPhase section */
		A84BE8F9269F2714000AC160 /* Sources */ = {
			isa = PBXSourcesBuildPhase;
			buildActionMask = 2147483647;
			files = (
				A84BE905269F2714000AC160 /* ViewController.swift in Sources */,
				A84BE90B269F2714000AC160 /* StoryboardIntro.xcdatamodeld in Sources */,
				A84BE901269F2714000AC160 /* AppDelegate.swift in Sources */,
				A84BE903269F2714000AC160 /* SceneDelegate.swift in Sources */,
			);
			runOnlyForDeploymentPostprocessing = 0;
		};
		A84BE912269F2715000AC160 /* Sources */ = {
			isa = PBXSourcesBuildPhase;
			buildActionMask = 2147483647;
			files = (
				A84BE91B269F2715000AC160 /* StoryboardIntroTests.swift in Sources */,
			);
			runOnlyForDeploymentPostprocessing = 0;
		};
		A84BE91D269F2715000AC160 /* Sources */ = {
			isa = PBXSourcesBuildPhase;
			buildActionMask = 2147483647;
			files = (
				A84BE926269F2715000AC160 /* StoryboardIntroUITests.swift in Sources */,
			);
			runOnlyForDeploymentPostprocessing = 0;
		};
/* End PBXSourcesBuildPhase section */

/* Begin PBXTargetDependency section */
		A84BE918269F2715000AC160 /* PBXTargetDependency */ = {
			isa = PBXTargetDependency;
			target = A84BE8FC269F2714000AC160 /* StoryboardIntro */;
			targetProxy = A84BE917269F2715000AC160 /* PBXContainerItemProxy */;
		};
		A84BE923269F2715000AC160 /* PBXTargetDependency */ = {
			isa = PBXTargetDependency;
			target = A84BE8FC269F2714000AC160 /* StoryboardIntro */;
			targetProxy = A84BE922269F2715000AC160 /* PBXContainerItemProxy */;
		};
/* End PBXTargetDependency section */

/* Begin PBXVariantGroup section */
		A84BE906269F2714000AC160 /* Main.storyboard */ = {
			isa = PBXVariantGroup;
			children = (
				A84BE907269F2714000AC160 /* Base */,
			);
			name = Main.storyboard;
			sourceTree = "<group>";
		};
		A84BE90E269F2715000AC160 /* LaunchScreen.storyboard */ = {
			isa = PBXVariantGroup;
			children = (
				A84BE90F269F2715000AC160 /* Base */,
			);
			name = LaunchScreen.storyboard;
			sourceTree = "<group>";
		};
/* End PBXVariantGroup section */

/* Begin XCBuildConfiguration section */
		A84BE928269F2715000AC160 /* Debug */ = {
			isa = XCBuildConfiguration;
			buildSettings = {
				ALWAYS_SEARCH_USER_PATHS = NO;
				CLANG_ANALYZER_NONNULL = YES;
				CLANG_ANALYZER_NUMBER_OBJECT_CONVERSION = YES_AGGRESSIVE;
				CLANG_CXX_LANGUAGE_STANDARD = "gnu++14";
				CLANG_CXX_LIBRARY = "libc++";
				CLANG_ENABLE_MODULES = YES;
				CLANG_ENABLE_OBJC_ARC = YES;
				CLANG_ENABLE_OBJC_WEAK = YES;
				CLANG_WARN_BLOCK_CAPTURE_AUTORELEASING = YES;
				CLANG_WARN_BOOL_CONVERSION = YES;
				CLANG_WARN_COMMA = YES;
				CLANG_WARN_CONSTANT_CONVERSION = YES;
				CLANG_WARN_DEPRECATED_OBJC_IMPLEMENTATIONS = YES;
				CLANG_WARN_DIRECT_OBJC_ISA_USAGE = YES_ERROR;
				CLANG_WARN_DOCUMENTATION_COMMENTS = YES;
				CLANG_WARN_EMPTY_BODY = YES;
				CLANG_WARN_ENUM_CONVERSION = YES;
				CLANG_WARN_INFINITE_RECURSION = YES;
				CLANG_WARN_INT_CONVERSION = YES;
				CLANG_WARN_NON_LITERAL_NULL_CONVERSION = YES;
				CLANG_WARN_OBJC_IMPLICIT_RETAIN_SELF = YES;
				CLANG_WARN_OBJC_LITERAL_CONVERSION = YES;
				CLANG_WARN_OBJC_ROOT_CLASS = YES_ERROR;
				CLANG_WARN_QUOTED_INCLUDE_IN_FRAMEWORK_HEADER = YES;
				CLANG_WARN_RANGE_LOOP_ANALYSIS = YES;
				CLANG_WARN_STRICT_PROTOTYPES = YES;
				CLANG_WARN_SUSPICIOUS_MOVE = YES;
				CLANG_WARN_UNGUARDED_AVAILABILITY = YES_AGGRESSIVE;
				CLANG_WARN_UNREACHABLE_CODE = YES;
				CLANG_WARN__DUPLICATE_METHOD_MATCH = YES;
				COPY_PHASE_STRIP = NO;
				DEBUG_INFORMATION_FORMAT = dwarf;
				ENABLE_STRICT_OBJC_MSGSEND = YES;
				ENABLE_TESTABILITY = YES;
				GCC_C_LANGUAGE_STANDARD = gnu11;
				GCC_DYNAMIC_NO_PIC = NO;
				GCC_NO_COMMON_BLOCKS = YES;
				GCC_OPTIMIZATION_LEVEL = 0;
				GCC_PREPROCESSOR_DEFINITIONS = (
					"DEBUG=1",
					"$(inherited)",
				);
				GCC_WARN_64_TO_32_BIT_CONVERSION = YES;
				GCC_WARN_ABOUT_RETURN_TYPE = YES_ERROR;
				GCC_WARN_UNDECLARED_SELECTOR = YES;
				GCC_WARN_UNINITIALIZED_AUTOS = YES_AGGRESSIVE;
				GCC_WARN_UNUSED_FUNCTION = YES;
				GCC_WARN_UNUSED_VARIABLE = YES;
				IPHONEOS_DEPLOYMENT_TARGET = 14.5;
				MTL_ENABLE_DEBUG_INFO = INCLUDE_SOURCE;
				MTL_FAST_MATH = YES;
				ONLY_ACTIVE_ARCH = YES;
				SDKROOT = iphoneos;
				SWIFT_ACTIVE_COMPILATION_CONDITIONS = DEBUG;
				SWIFT_OPTIMIZATION_LEVEL = "-Onone";
			};
			name = Debug;
		};
		A84BE929269F2715000AC160 /* Release */ = {
			isa = XCBuildConfiguration;
			buildSettings = {
				ALWAYS_SEARCH_USER_PATHS = NO;
				CLANG_ANALYZER_NONNULL = YES;
				CLANG_ANALYZER_NUMBER_OBJECT_CONVERSION = YES_AGGRESSIVE;
				CLANG_CXX_LANGUAGE_STANDARD = "gnu++14";
				CLANG_CXX_LIBRARY = "libc++";
				CLANG_ENABLE_MODULES = YES;
				CLANG_ENABLE_OBJC_ARC = YES;
				CLANG_ENABLE_OBJC_WEAK = YES;
				CLANG_WARN_BLOCK_CAPTURE_AUTORELEASING = YES;
				CLANG_WARN_BOOL_CONVERSION = YES;
				CLANG_WARN_COMMA = YES;
				CLANG_WARN_CONSTANT_CONVERSION = YES;
				CLANG_WARN_DEPRECATED_OBJC_IMPLEMENTATIONS = YES;
				CLANG_WARN_DIRECT_OBJC_ISA_USAGE = YES_ERROR;
				CLANG_WARN_DOCUMENTATION_COMMENTS = YES;
				CLANG_WARN_EMPTY_BODY = YES;
				CLANG_WARN_ENUM_CONVERSION = YES;
				CLANG_WARN_INFINITE_RECURSION = YES;
				CLANG_WARN_INT_CONVERSION = YES;
				CLANG_WARN_NON_LITERAL_NULL_CONVERSION = YES;
				CLANG_WARN_OBJC_IMPLICIT_RETAIN_SELF = YES;
				CLANG_WARN_OBJC_LITERAL_CONVERSION = YES;
				CLANG_WARN_OBJC_ROOT_CLASS = YES_ERROR;
				CLANG_WARN_QUOTED_INCLUDE_IN_FRAMEWORK_HEADER = YES;
				CLANG_WARN_RANGE_LOOP_ANALYSIS = YES;
				CLANG_WARN_STRICT_PROTOTYPES = YES;
				CLANG_WARN_SUSPICIOUS_MOVE = YES;
				CLANG_WARN_UNGUARDED_AVAILABILITY = YES_AGGRESSIVE;
				CLANG_WARN_UNREACHABLE_CODE = YES;
				CLANG_WARN__DUPLICATE_METHOD_MATCH = YES;
				COPY_PHASE_STRIP = NO;
				DEBUG_INFORMATION_FORMAT = "dwarf-with-dsym";
				ENABLE_NS_ASSERTIONS = NO;
				ENABLE_STRICT_OBJC_MSGSEND = YES;
				GCC_C_LANGUAGE_STANDARD = gnu11;
				GCC_NO_COMMON_BLOCKS = YES;
				GCC_WARN_64_TO_32_BIT_CONVERSION = YES;
				GCC_WARN_ABOUT_RETURN_TYPE = YES_ERROR;
				GCC_WARN_UNDECLARED_SELECTOR = YES;
				GCC_WARN_UNINITIALIZED_AUTOS = YES_AGGRESSIVE;
				GCC_WARN_UNUSED_FUNCTION = YES;
				GCC_WARN_UNUSED_VARIABLE = YES;
				IPHONEOS_DEPLOYMENT_TARGET = 14.5;
				MTL_ENABLE_DEBUG_INFO = NO;
				MTL_FAST_MATH = YES;
				SDKROOT = iphoneos;
				SWIFT_COMPILATION_MODE = wholemodule;
				SWIFT_OPTIMIZATION_LEVEL = "-O";
				VALIDATE_PRODUCT = YES;
			};
			name = Release;
		};
		A84BE92B269F2715000AC160 /* Debug */ = {
			isa = XCBuildConfiguration;
			buildSettings = {
				ASSETCATALOG_COMPILER_APPICON_NAME = AppIcon;
				ASSETCATALOG_COMPILER_GLOBAL_ACCENT_COLOR_NAME = AccentColor;
				CODE_SIGN_STYLE = Automatic;
				INFOPLIST_FILE = StoryboardIntro/Info.plist;
				LD_RUNPATH_SEARCH_PATHS = (
					"$(inherited)",
					"@executable_path/Frameworks",
				);
				PRODUCT_BUNDLE_IDENTIFIER = Hira.StoryboardIntro;
				PRODUCT_NAME = "$(TARGET_NAME)";
				SWIFT_VERSION = 5.0;
				TARGETED_DEVICE_FAMILY = "1,2";
			};
			name = Debug;
		};
		A84BE92C269F2715000AC160 /* Release */ = {
			isa = XCBuildConfiguration;
			buildSettings = {
				ASSETCATALOG_COMPILER_APPICON_NAME = AppIcon;
				ASSETCATALOG_COMPILER_GLOBAL_ACCENT_COLOR_NAME = AccentColor;
				CODE_SIGN_STYLE = Automatic;
				INFOPLIST_FILE = StoryboardIntro/Info.plist;
				LD_RUNPATH_SEARCH_PATHS = (
					"$(inherited)",
					"@executable_path/Frameworks",
				);
				PRODUCT_BUNDLE_IDENTIFIER = Hira.StoryboardIntro;
				PRODUCT_NAME = "$(TARGET_NAME)";
				SWIFT_VERSION = 5.0;
				TARGETED_DEVICE_FAMILY = "1,2";
			};
			name = Release;
		};
		A84BE92E269F2715000AC160 /* Debug */ = {
			isa = XCBuildConfiguration;
			buildSettings = {
				ALWAYS_EMBED_SWIFT_STANDARD_LIBRARIES = YES;
				BUNDLE_LOADER = "$(TEST_HOST)";
				CODE_SIGN_STYLE = Automatic;
				INFOPLIST_FILE = StoryboardIntroTests/Info.plist;
				IPHONEOS_DEPLOYMENT_TARGET = 14.5;
				LD_RUNPATH_SEARCH_PATHS = (
					"$(inherited)",
					"@executable_path/Frameworks",
					"@loader_path/Frameworks",
				);
				PRODUCT_BUNDLE_IDENTIFIER = Hira.StoryboardIntroTests;
				PRODUCT_NAME = "$(TARGET_NAME)";
				SWIFT_VERSION = 5.0;
				TARGETED_DEVICE_FAMILY = "1,2";
				TEST_HOST = "$(BUILT_PRODUCTS_DIR)/StoryboardIntro.app/StoryboardIntro";
			};
			name = Debug;
		};
		A84BE92F269F2715000AC160 /* Release */ = {
			isa = XCBuildConfiguration;
			buildSettings = {
				ALWAYS_EMBED_SWIFT_STANDARD_LIBRARIES = YES;
				BUNDLE_LOADER = "$(TEST_HOST)";
				CODE_SIGN_STYLE = Automatic;
				INFOPLIST_FILE = StoryboardIntroTests/Info.plist;
				IPHONEOS_DEPLOYMENT_TARGET = 14.5;
				LD_RUNPATH_SEARCH_PATHS = (
					"$(inherited)",
					"@executable_path/Frameworks",
					"@loader_path/Frameworks",
				);
				PRODUCT_BUNDLE_IDENTIFIER = Hira.StoryboardIntroTests;
				PRODUCT_NAME = "$(TARGET_NAME)";
				SWIFT_VERSION = 5.0;
				TARGETED_DEVICE_FAMILY = "1,2";
				TEST_HOST = "$(BUILT_PRODUCTS_DIR)/StoryboardIntro.app/StoryboardIntro";
			};
			name = Release;
		};
		A84BE931269F2715000AC160 /* Debug */ = {
			isa = XCBuildConfiguration;
			buildSettings = {
				ALWAYS_EMBED_SWIFT_STANDARD_LIBRARIES = YES;
				CODE_SIGN_STYLE = Automatic;
				INFOPLIST_FILE = StoryboardIntroUITests/Info.plist;
				LD_RUNPATH_SEARCH_PATHS = (
					"$(inherited)",
					"@executable_path/Frameworks",
					"@loader_path/Frameworks",
				);
				PRODUCT_BUNDLE_IDENTIFIER = Hira.StoryboardIntroUITests;
				PRODUCT_NAME = "$(TARGET_NAME)";
				SWIFT_VERSION = 5.0;
				TARGETED_DEVICE_FAMILY = "1,2";
				TEST_TARGET_NAME = StoryboardIntro;
			};
			name = Debug;
		};
		A84BE932269F2715000AC160 /* Release */ = {
			isa = XCBuildConfiguration;
			buildSettings = {
				ALWAYS_EMBED_SWIFT_STANDARD_LIBRARIES = YES;
				CODE_SIGN_STYLE = Automatic;
				INFOPLIST_FILE = StoryboardIntroUITests/Info.plist;
				LD_RUNPATH_SEARCH_PATHS = (
					"$(inherited)",
					"@executable_path/Frameworks",
					"@loader_path/Frameworks",
				);
				PRODUCT_BUNDLE_IDENTIFIER = Hira.StoryboardIntroUITests;
				PRODUCT_NAME = "$(TARGET_NAME)";
				SWIFT_VERSION = 5.0;
				TARGETED_DEVICE_FAMILY = "1,2";
				TEST_TARGET_NAME = StoryboardIntro;
			};
			name = Release;
		};
/* End XCBuildConfiguration section */

/* Begin XCConfigurationList section */
		A84BE8F8269F2714000AC160 /* Build configuration list for PBXProject "StoryboardIntro" */ = {
			isa = XCConfigurationList;
			buildConfigurations = (
				A84BE928269F2715000AC160 /* Debug */,
				A84BE929269F2715000AC160 /* Release */,
			);
			defaultConfigurationIsVisible = 0;
			defaultConfigurationName = Release;
		};
		A84BE92A269F2715000AC160 /* Build configuration list for PBXNativeTarget "StoryboardIntro" */ = {
			isa = XCConfigurationList;
			buildConfigurations = (
				A84BE92B269F2715000AC160 /* Debug */,
				A84BE92C269F2715000AC160 /* Release */,
			);
			defaultConfigurationIsVisible = 0;
			defaultConfigurationName = Release;
		};
		A84BE92D269F2715000AC160 /* Build configuration list for PBXNativeTarget "StoryboardIntroTests" */ = {
			isa = XCConfigurationList;
			buildConfigurations = (
				A84BE92E269F2715000AC160 /* Debug */,
				A84BE92F269F2715000AC160 /* Release */,
			);
			defaultConfigurationIsVisible = 0;
			defaultConfigurationName = Release;
		};
		A84BE930269F2715000AC160 /* Build configuration list for PBXNativeTarget "StoryboardIntroUITests" */ = {
			isa = XCConfigurationList;
			buildConfigurations = (
				A84BE931269F2715000AC160 /* Debug */,
				A84BE932269F2715000AC160 /* Release */,
			);
			defaultConfigurationIsVisible = 0;
			defaultConfigurationName = Release;
		};
/* End XCConfigurationList section */

/* Begin XCVersionGroup section */
		A84BE909269F2714000AC160 /* StoryboardIntro.xcdatamodeld */ = {
			isa = XCVersionGroup;
			children = (
				A84BE90A269F2714000AC160 /* StoryboardIntro.xcdatamodel */,
			);
			currentVersion = A84BE90A269F2714000AC160 /* StoryboardIntro.xcdatamodel */;
			path = StoryboardIntro.xcdatamodeld;
			sourceTree = "<group>";
			versionGroupType = wrapper.xcdatamodel;
		};
/* End XCVersionGroup section */
	};
	rootObject = A84BE8F5269F2714000AC160 /* Project object */;
}
